// !$*UTF8*$!
{
	archiveVersion = 1;
	classes = {
	};
	objectVersion = 46;
	objects = {

/* Begin PBXBuildFile section */
		D4DD67A51D976FA500FB3D13 /* AppDelegate.swift in Sources */ = {isa = PBXBuildFile; fileRef = D4DD67A41D976FA500FB3D13 /* AppDelegate.swift */; };
		D4DD67A71D976FA500FB3D13 /* ViewController.swift in Sources */ = {isa = PBXBuildFile; fileRef = D4DD67A61D976FA500FB3D13 /* ViewController.swift */; };
		D4DD67AA1D976FA500FB3D13 /* Main.storyboard in Resources */ = {isa = PBXBuildFile; fileRef = D4DD67A81D976FA500FB3D13 /* Main.storyboard */; };
		D4DD67AC1D976FA500FB3D13 /* Assets.xcassets in Resources */ = {isa = PBXBuildFile; fileRef = D4DD67AB1D976FA500FB3D13 /* Assets.xcassets */; };
		D4DD67AF1D976FA500FB3D13 /* LaunchScreen.storyboard in Resources */ = {isa = PBXBuildFile; fileRef = D4DD67AD1D976FA500FB3D13 /* LaunchScreen.storyboard */; };
/* End PBXBuildFile section */

/* Begin PBXFileReference section */
		D4DD67A11D976FA500FB3D13 /* Temperature Converter.app */ = {isa = PBXFileReference; explicitFileType = wrapper.application; includeInIndex = 0; path = "Temperature Converter.app"; sourceTree = BUILT_PRODUCTS_DIR; };
		D4DD67A41D976FA500FB3D13 /* AppDelegate.swift */ = {isa = PBXFileReference; lastKnownFileType = sourcecode.swift; path = AppDelegate.swift; sourceTree = "<group>"; };
		D4DD67A61D976FA500FB3D13 /* ViewController.swift */ = {isa = PBXFileReference; lastKnownFileType = sourcecode.swift; path = ViewController.swift; sourceTree = "<group>"; };
		D4DD67A91D976FA500FB3D13 /* Base */ = {isa = PBXFileReference; lastKnownFileType = file.storyboard; name = Base; path = Base.lproj/Main.storyboard; sourceTree = "<group>"; };
		D4DD67AB1D976FA500FB3D13 /* Assets.xcassets */ = {isa = PBXFileReference; lastKnownFileType = folder.assetcatalog; path = Assets.xcassets; sourceTree = "<group>"; };
		D4DD67AE1D976FA500FB3D13 /* Base */ = {isa = PBXFileReference; lastKnownFileType = file.storyboard; name = Base; path = Base.lproj/LaunchScreen.storyboard; sourceTree = "<group>"; };
		D4DD67B01D976FA500FB3D13 /* Info.plist */ = {isa = PBXFileReference; lastKnownFileType = text.plist.xml; path = Info.plist; sourceTree = "<group>"; };
/* End PBXFileReference section */

/* Begin PBXFrameworksBuildPhase section */
		D4DD679E1D976FA500FB3D13 /* Frameworks */ = {
			isa = PBXFrameworksBuildPhase;
			buildActionMask = 2147483647;
			files = (
			);
			runOnlyForDeploymentPostprocessing = 0;
		};
/* End PBXFrameworksBuildPhase section */

/* Begin PBXGroup section */
		D4DD67981D976FA500FB3D13 = {
			isa = PBXGroup;
			children = (
				D4DD67A31D976FA500FB3D13 /* Temperature Converter */,
				D4DD67A21D976FA500FB3D13 /* Products */,
			);
			sourceTree = "<group>";
		};
		D4DD67A21D976FA500FB3D13 /* Products */ = {
			isa = PBXGroup;
			children = (
				D4DD67A11D976FA500FB3D13 /* Temperature Converter.app */,
			);
			name = Products;
			sourceTree = "<group>";
		};
		D4DD67A31D976FA500FB3D13 /* Temperature Converter */ = {
			isa = PBXGroup;
			children = (
				D4DD67A41D976FA500FB3D13 /* AppDelegate.swift */,
				D4DD67A61D976FA500FB3D13 /* ViewController.swift */,
				D4DD67A81D976FA500FB3D13 /* Main.storyboard */,
				D4DD67AB1D976FA500FB3D13 /* Assets.xcassets */,
				D4DD67AD1D976FA500FB3D13 /* LaunchScreen.storyboard */,
				D4DD67B01D976FA500FB3D13 /* Info.plist */,
			);
			path = "Temperature Converter";
			sourceTree = "<group>";
		};
/* End PBXGroup section */

/* Begin PBXNativeTarget section */
		D4DD67A01D976FA500FB3D13 /* Temperature Converter */ = {
			isa = PBXNativeTarget;
			buildConfigurationList = D4DD67B31D976FA500FB3D13 /* Build configuration list for PBXNativeTarget "Temperature Converter" */;
			buildPhases = (
				D4DD679D1D976FA500FB3D13 /* Sources */,
				D4DD679E1D976FA500FB3D13 /* Frameworks */,
				D4DD679F1D976FA500FB3D13 /* Resources */,
			);
			buildRules = (
			);
			dependencies = (
			);
			name = "Temperature Converter";
			productName = "Temperature Converter";
			productReference = D4DD67A11D976FA500FB3D13 /* Temperature Converter.app */;
			productType = "com.apple.product-type.application";
		};
/* End PBXNativeTarget section */

/* Begin PBXProject section */
		D4DD67991D976FA500FB3D13 /* Project object */ = {
			isa = PBXProject;
			attributes = {
				LastSwiftUpdateCheck = 0730;
				LastUpgradeCheck = 0730;
				ORGANIZATIONNAME = "Madina Ibrahim";
				TargetAttributes = {
					D4DD67A01D976FA500FB3D13 = {
						CreatedOnToolsVersion = 7.3;
					};
				};
			};
			buildConfigurationList = D4DD679C1D976FA500FB3D13 /* Build configuration list for PBXProject "Temperature Converter" */;
			compatibilityVersion = "Xcode 3.2";
			developmentRegion = English;
			hasScannedForEncodings = 0;
			knownRegions = (
				en,
				Base,
			);
			mainGroup = D4DD67981D976FA500FB3D13;
			productRefGroup = D4DD67A21D976FA500FB3D13 /* Products */;
			projectDirPath = "";
			projectRoot = "";
			targets = (
				D4DD67A01D976FA500FB3D13 /* Temperature Converter */,
			);
		};
/* End PBXProject section */

/* Begin PBXResourcesBuildPhase section */
		D4DD679F1D976FA500FB3D13 /* Resources */ = {
			isa = PBXResourcesBuildPhase;
			buildActionMask = 2147483647;
			files = (
				D4DD67AF1D976FA500FB3D13 /* LaunchScreen.storyboard in Resources */,
				D4DD67AC1D976FA500FB3D13 /* Assets.xcassets in Resources */,
				D4DD67AA1D976FA500FB3D13 /* Main.storyboard in Resources */,
			);
			runOnlyForDeploymentPostprocessing = 0;
		};
/* End PBXResourcesBuildPhase section */

/* Begin PBXSourcesBuildPhase section */
		D4DD679D1D976FA500FB3D13 /* Sources */ = {
			isa = PBXSourcesBuildPhase;
			buildActionMask = 2147483647;
			files = (
				D4DD67A71D976FA500FB3D13 /* ViewController.swift in Sources */,
				D4DD67A51D976FA500FB3D13 /* AppDelegate.swift in Sources */,
			);
			runOnlyForDeploymentPostprocessing = 0;
		};
/* End PBXSourcesBuildPhase section */

/* Begin PBXVariantGroup section */
		D4DD67A81D976FA500FB3D13 /* Main.storyboard */ = {
			isa = PBXVariantGroup;
			children = (
				D4DD67A91D976FA500FB3D13 /* Base */,
			);
			name = Main.storyboard;
			sourceTree = "<group>";
		};
		D4DD67AD1D976FA500FB3D13 /* LaunchScreen.storyboard */ = {
			isa = PBXVariantGroup;
			children = (
				D4DD67AE1D976FA500FB3D13 /* Base */,
			);
			name = LaunchScreen.storyboard;
			sourceTree = "<group>";
		};
/* End PBXVariantGroup section */

/* Begin XCBuildConfiguration section */
		D4DD67B11D976FA500FB3D13 /* Debug */ = {
			isa = XCBuildConfiguration;
			buildSettings = {
				ALWAYS_SEARCH_USER_PATHS = NO;
				CLANG_ANALYZER_NONNULL = YES;
				CLANG_CXX_LANGUAGE_STANDARD = "gnu++0x";
				CLANG_CXX_LIBRARY = "libc++";
				CLANG_ENABLE_MODULES = YES;
				CLANG_ENABLE_OBJC_ARC = YES;
				CLANG_WARN_BOOL_CONVERSION = YES;
				CLANG_WARN_CONSTANT_CONVERSION = YES;
				CLANG_WARN_DIRECT_OBJC_ISA_USAGE = YES_ERROR;
				CLANG_WARN_EMPTY_BODY = YES;
				CLANG_WARN_ENUM_CONVERSION = YES;
				CLANG_WARN_INT_CONVERSION = YES;
				CLANG_WARN_OBJC_ROOT_CLASS = YES_ERROR;
				CLANG_WARN_UNREACHABLE_CODE = YES;
				CLANG_WARN__DUPLICATE_METHOD_MATCH = YES;
				"CODE_SIGN_IDENTITY[sdk=iphoneos*]" = "iPhone Developer";
				COPY_PHASE_STRIP = NO;
				DEBUG_INFORMATION_FORMAT = dwarf;
				ENABLE_STRICT_OBJC_MSGSEND = YES;
				ENABLE_TESTABILITY = YES;
				GCC_C_LANGUAGE_STANDARD = gnu99;
				GCC_DYNAMIC_NO_PIC = NO;
				GCC_NO_COMMON_BLOCKS = YES;
				GCC_OPTIMIZATION_LEVEL = 0;
				GCC_PREPROCESSOR_DEFINITIONS = (
					"DEBUG=1",
					"$(inherited)",
				);
				GCC_WARN_64_TO_32_BIT_CONVERSION = YES;
				GCC_WARN_ABOUT_RETURN_TYPE = YES_ERROR;
				GCC_WARN_UNDECLARED_SELECTOR = YES;
				GCC_WARN_UNINITIALIZED_AUTOS = YES_AGGRESSIVE;
				GCC_WARN_UNUSED_FUNCTION = YES;
				GCC_WARN_UNUSED_VARIABLE = YES;
				IPHONEOS_DEPLOYMENT_TARGET = 9.3;
				MTL_ENABLE_DEBUG_INFO = YES;
				ONLY_ACTIVE_ARCH = YES;
				SDKROOT = iphoneos;
				SWIFT_OPTIMIZATION_LEVEL = "-Onone";
				TARGETED_DEVICE_FAMILY = "1,2";
			};
			name = Debug;
		};
		D4DD67B21D976FA500FB3D13 /* Release */ = {
			isa = XCBuildConfiguration;
			buildSettings = {
				ALWAYS_SEARCH_USER_PATHS = NO;
				CLANG_ANALYZER_NONNULL = YES;
				CLANG_CXX_LANGUAGE_STANDARD = "gnu++0x";
				CLANG_CXX_LIBRARY = "libc++";
				CLANG_ENABLE_MODULES = YES;
				CLANG_ENABLE_OBJC_ARC = YES;
				CLANG_WARN_BOOL_CONVERSION = YES;
				CLANG_WARN_CONSTANT_CONVERSION = YES;
				CLANG_WARN_DIRECT_OBJC_ISA_USAGE = YES_ERROR;
				CLANG_WARN_EMPTY_BODY = YES;
				CLANG_WARN_ENUM_CONVERSION = YES;
				CLANG_WARN_INT_CONVERSION = YES;
				CLANG_WARN_OBJC_ROOT_CLASS = YES_ERROR;
				CLANG_WARN_UNREACHABLE_CODE = YES;
				CLANG_WARN__DUPLICATE_METHOD_MATCH = YES;
				"CODE_SIGN_IDENTITY[sdk=iphoneos*]" = "iPhone Developer";
				COPY_PHASE_STRIP = NO;
				DEBUG_INFORMATION_FORMAT = "dwarf-with-dsym";
				ENABLE_NS_ASSERTIONS = NO;
				ENABLE_STRICT_OBJC_MSGSEND = YES;
				GCC_C_LANGUAGE_STANDARD = gnu99;
				GCC_NO_COMMON_BLOCKS = YES;
				GCC_WARN_64_TO_32_BIT_CONVERSION = YES;
				GCC_WARN_ABOUT_RETURN_TYPE = YES_ERROR;
				GCC_WARN_UNDECLARED_SELECTOR = YES;
				GCC_WARN_UNINITIALIZED_AUTOS = YES_AGGRESSIVE;
				GCC_WARN_UNUSED_FUNCTION = YES;
				GCC_WARN_UNUSED_VARIABLE = YES;
				IPHONEOS_DEPLOYMENT_TARGET = 9.3;
				MTL_ENABLE_DEBUG_INFO = NO;
				SDKROOT = iphoneos;
				TARGETED_DEVICE_FAMILY = "1,2";
				VALIDATE_PRODUCT = YES;
			};
			name = Release;
		};
		D4DD67B41D976FA500FB3D13 /* Debug */ = {
			isa = XCBuildConfiguration;
			buildSettings = {
				ASSETCATALOG_COMPILER_APPICON_NAME = AppIcon;
				INFOPLIST_FILE = "Temperature Converter/Info.plist";
				LD_RUNPATH_SEARCH_PATHS = "$(inherited) @executable_path/Frameworks";
				PRODUCT_BUNDLE_IDENTIFIER = "madina.Temperature-Converter";
				PRODUCT_NAME = "$(TARGET_NAME)";
			};
			name = Debug;
		};
		D4DD67B51D976FA500FB3D13 /* Release */ = {
			isa = XCBuildConfiguration;
			buildSettings = {
				ASSETCATALOG_COMPILER_APPICON_NAME = AppIcon;
				INFOPLIST_FILE = "Temperature Converter/Info.plist";
				LD_RUNPATH_SEARCH_PATHS = "$(inherited) @executable_path/Frameworks";
				PRODUCT_BUNDLE_IDENTIFIER = "madina.Temperature-Converter";
				PRODUCT_NAME = "$(TARGET_NAME)";
			};
			name = Release;
		};
/* End XCBuildConfiguration section */

/* Begin XCConfigurationList section */
		D4DD679C1D976FA500FB3D13 /* Build configuration list for PBXProject "Temperature Converter" */ = {
			isa = XCConfigurationList;
			buildConfigurations = (
				D4DD67B11D976FA500FB3D13 /* Debug */,
				D4DD67B21D976FA500FB3D13 /* Release */,
			);
			defaultConfigurationIsVisible = 0;
			defaultConfigurationName = Release;
		};
		D4DD67B31D976FA500FB3D13 /* Build configuration list for PBXNativeTarget "Temperature Converter" */ = {
			isa = XCConfigurationList;
			buildConfigurations = (
				D4DD67B41D976FA500FB3D13 /* Debug */,
				D4DD67B51D976FA500FB3D13 /* Release */,
			);
			defaultConfigurationIsVisible = 0;
		};
/* End XCConfigurationList section */
	};
	rootObject = D4DD67991D976FA500FB3D13 /* Project object */;
}
